// !$*UTF8*$!
{
	archiveVersion = 1;
	classes = {
	};
	objectVersion = 56;
	objects = {

/* Begin PBXBuildFile section */
		6030658028AA97DF0020DB3F /* Localizable.strings in Resources */ = {isa = PBXBuildFile; fileRef = 6030657F28AA97DF0020DB3F /* Localizable.strings */; };
		6030658328AA983A0020DB3F /* String+Utils.swift in Sources */ = {isa = PBXBuildFile; fileRef = 6030658228AA983A0020DB3F /* String+Utils.swift */; };
		6030658728AAA0880020DB3F /* Bundle+Wrapper.swift in Sources */ = {isa = PBXBuildFile; fileRef = 6030658628AAA0880020DB3F /* Bundle+Wrapper.swift */; };
		6030658A28AAA14D0020DB3F /* Config.swift in Sources */ = {isa = PBXBuildFile; fileRef = 6030658928AAA14D0020DB3F /* Config.swift */; };
		605A0EDF28AA8C5000FFE994 /* AppDelegate.swift in Sources */ = {isa = PBXBuildFile; fileRef = 605A0EDE28AA8C5000FFE994 /* AppDelegate.swift */; };
		605A0EE328AA8C5000FFE994 /* ViewController.swift in Sources */ = {isa = PBXBuildFile; fileRef = 605A0EE228AA8C5000FFE994 /* ViewController.swift */; };
		605A0EE628AA8C5000FFE994 /* Main.storyboard in Resources */ = {isa = PBXBuildFile; fileRef = 605A0EE428AA8C5000FFE994 /* Main.storyboard */; };
		605A0EE828AA8C5300FFE994 /* Assets.xcassets in Resources */ = {isa = PBXBuildFile; fileRef = 605A0EE728AA8C5300FFE994 /* Assets.xcassets */; };
		605A0EEB28AA8C5300FFE994 /* LaunchScreen.storyboard in Resources */ = {isa = PBXBuildFile; fileRef = 605A0EE928AA8C5300FFE994 /* LaunchScreen.storyboard */; };
/* End PBXBuildFile section */

/* Begin PBXFileReference section */
		6030657F28AA97DF0020DB3F /* Localizable.strings */ = {isa = PBXFileReference; lastKnownFileType = text.plist.strings; path = Localizable.strings; sourceTree = "<group>"; };
		6030658228AA983A0020DB3F /* String+Utils.swift */ = {isa = PBXFileReference; lastKnownFileType = sourcecode.swift; path = "String+Utils.swift"; sourceTree = "<group>"; };
		6030658428AA99BF0020DB3F /* Config.xcconfig */ = {isa = PBXFileReference; lastKnownFileType = text.xcconfig; path = Config.xcconfig; sourceTree = "<group>"; };
		6030658528AA9A700020DB3F /* Hamilton-Info.plist */ = {isa = PBXFileReference; lastKnownFileType = text.plist.xml; path = "Hamilton-Info.plist"; sourceTree = "<group>"; };
		6030658628AAA0880020DB3F /* Bundle+Wrapper.swift */ = {isa = PBXFileReference; lastKnownFileType = sourcecode.swift; path = "Bundle+Wrapper.swift"; sourceTree = "<group>"; };
		6030658928AAA14D0020DB3F /* Config.swift */ = {isa = PBXFileReference; lastKnownFileType = sourcecode.swift; path = Config.swift; sourceTree = "<group>"; };
		605A0EDB28AA8C5000FFE994 /* Hamilton.app */ = {isa = PBXFileReference; explicitFileType = wrapper.application; includeInIndex = 0; path = Hamilton.app; sourceTree = BUILT_PRODUCTS_DIR; };
		605A0EDE28AA8C5000FFE994 /* AppDelegate.swift */ = {isa = PBXFileReference; lastKnownFileType = sourcecode.swift; path = AppDelegate.swift; sourceTree = "<group>"; };
		605A0EE228AA8C5000FFE994 /* ViewController.swift */ = {isa = PBXFileReference; lastKnownFileType = sourcecode.swift; path = ViewController.swift; sourceTree = "<group>"; };
		605A0EE528AA8C5000FFE994 /* Base */ = {isa = PBXFileReference; lastKnownFileType = file.storyboard; name = Base; path = Base.lproj/Main.storyboard; sourceTree = "<group>"; };
		605A0EE728AA8C5300FFE994 /* Assets.xcassets */ = {isa = PBXFileReference; lastKnownFileType = folder.assetcatalog; path = Assets.xcassets; sourceTree = "<group>"; };
		605A0EEA28AA8C5300FFE994 /* Base */ = {isa = PBXFileReference; lastKnownFileType = file.storyboard; name = Base; path = Base.lproj/LaunchScreen.storyboard; sourceTree = "<group>"; };
/* End PBXFileReference section */

/* Begin PBXFrameworksBuildPhase section */
		605A0ED828AA8C5000FFE994 /* Frameworks */ = {
			isa = PBXFrameworksBuildPhase;
			buildActionMask = 2147483647;
			files = (
			);
			runOnlyForDeploymentPostprocessing = 0;
		};
/* End PBXFrameworksBuildPhase section */

/* Begin PBXGroup section */
		6030657A28AA8E310020DB3F /* Resources */ = {
			isa = PBXGroup;
			children = (
				6030657B28AA95440020DB3F /* Storyboards */,
				6030657E28AA97C80020DB3F /* Assets */,
				6030657F28AA97DF0020DB3F /* Localizable.strings */,
				6030658428AA99BF0020DB3F /* Config.xcconfig */,
				6030658528AA9A700020DB3F /* Hamilton-Info.plist */,
			);
			path = Resources;
			sourceTree = "<group>";
		};
		6030657B28AA95440020DB3F /* Storyboards */ = {
			isa = PBXGroup;
			children = (
				605A0EE428AA8C5000FFE994 /* Main.storyboard */,
			);
			path = Storyboards;
			sourceTree = "<group>";
		};
		6030657C28AA957D0020DB3F /* Sources */ = {
			isa = PBXGroup;
			children = (
				605A0EE228AA8C5000FFE994 /* ViewController.swift */,
				6030658128AA98070020DB3F /* Util */,
			);
			path = Sources;
			sourceTree = "<group>";
		};
		6030657E28AA97C80020DB3F /* Assets */ = {
			isa = PBXGroup;
			children = (
				605A0EE728AA8C5300FFE994 /* Assets.xcassets */,
				605A0EE928AA8C5300FFE994 /* LaunchScreen.storyboard */,
			);
			path = Assets;
			sourceTree = "<group>";
		};
		6030658128AA98070020DB3F /* Util */ = {
			isa = PBXGroup;
			children = (
				6030658228AA983A0020DB3F /* String+Utils.swift */,
				6030658628AAA0880020DB3F /* Bundle+Wrapper.swift */,
			);
			path = Util;
			sourceTree = "<group>";
		};
		605A0ED228AA8C5000FFE994 = {
			isa = PBXGroup;
			children = (
				605A0EDD28AA8C5000FFE994 /* App */,
				605A0EDC28AA8C5000FFE994 /* Products */,
			);
			sourceTree = "<group>";
		};
		605A0EDC28AA8C5000FFE994 /* Products */ = {
			isa = PBXGroup;
			children = (
				605A0EDB28AA8C5000FFE994 /* Hamilton.app */,
			);
			name = Products;
			sourceTree = "<group>";
		};
		605A0EDD28AA8C5000FFE994 /* App */ = {
			isa = PBXGroup;
			children = (
				605A0EDE28AA8C5000FFE994 /* AppDelegate.swift */,
				6030658928AAA14D0020DB3F /* Config.swift */,
				6030657C28AA957D0020DB3F /* Sources */,
				6030657A28AA8E310020DB3F /* Resources */,
			);
			path = App;
			sourceTree = "<group>";
		};
/* End PBXGroup section */

/* Begin PBXNativeTarget section */
		605A0EDA28AA8C5000FFE994 /* Hamilton */ = {
			isa = PBXNativeTarget;
			buildConfigurationList = 605A0EEF28AA8C5300FFE994 /* Build configuration list for PBXNativeTarget "Hamilton" */;
			buildPhases = (
				605A0ED728AA8C5000FFE994 /* Sources */,
				605A0ED828AA8C5000FFE994 /* Frameworks */,
				605A0ED928AA8C5000FFE994 /* Resources */,
				6030657D28AA96BA0020DB3F /* SwiftLint */,
			);
			buildRules = (
			);
			dependencies = (
			);
			name = Hamilton;
			productName = Hamilton;
			productReference = 605A0EDB28AA8C5000FFE994 /* Hamilton.app */;
			productType = "com.apple.product-type.application";
		};
/* End PBXNativeTarget section */

/* Begin PBXProject section */
		605A0ED328AA8C5000FFE994 /* Project object */ = {
			isa = PBXProject;
			attributes = {
				BuildIndependentTargetsInParallel = 1;
				LastSwiftUpdateCheck = 1400;
				LastUpgradeCheck = 1400;
				TargetAttributes = {
					605A0EDA28AA8C5000FFE994 = {
						CreatedOnToolsVersion = 14.0;
					};
				};
			};
			buildConfigurationList = 605A0ED628AA8C5000FFE994 /* Build configuration list for PBXProject "Hamilton" */;
			compatibilityVersion = "Xcode 14.0";
			developmentRegion = en;
			hasScannedForEncodings = 0;
			knownRegions = (
				en,
				Base,
			);
			mainGroup = 605A0ED228AA8C5000FFE994;
			productRefGroup = 605A0EDC28AA8C5000FFE994 /* Products */;
			projectDirPath = "";
			projectRoot = "";
			targets = (
				605A0EDA28AA8C5000FFE994 /* Hamilton */,
			);
		};
/* End PBXProject section */

/* Begin PBXResourcesBuildPhase section */
		605A0ED928AA8C5000FFE994 /* Resources */ = {
			isa = PBXResourcesBuildPhase;
			buildActionMask = 2147483647;
			files = (
				605A0EEB28AA8C5300FFE994 /* LaunchScreen.storyboard in Resources */,
				6030658028AA97DF0020DB3F /* Localizable.strings in Resources */,
				605A0EE828AA8C5300FFE994 /* Assets.xcassets in Resources */,
				605A0EE628AA8C5000FFE994 /* Main.storyboard in Resources */,
			);
			runOnlyForDeploymentPostprocessing = 0;
		};
/* End PBXResourcesBuildPhase section */

/* Begin PBXShellScriptBuildPhase section */
		6030657D28AA96BA0020DB3F /* SwiftLint */ = {
			isa = PBXShellScriptBuildPhase;
			alwaysOutOfDate = 1;
			buildActionMask = 2147483647;
			files = (
			);
			inputFileListPaths = (
			);
			inputPaths = (
			);
			name = SwiftLint;
			outputFileListPaths = (
			);
			outputPaths = (
			);
			runOnlyForDeploymentPostprocessing = 0;
			shellPath = /bin/sh;
			shellScript = "export PATH=\"$PATH:/opt/homebrew/bin\"\nif which swiftlint > /dev/null; then\n  swiftlint --fix --format\n  swiftlint\nelse\n  echo \"warning: SwiftLint not installed, download from https://github.com/realm/SwiftLint\"\nfi\n";
		};
/* End PBXShellScriptBuildPhase section */

/* Begin PBXSourcesBuildPhase section */
		605A0ED728AA8C5000FFE994 /* Sources */ = {
			isa = PBXSourcesBuildPhase;
			buildActionMask = 2147483647;
			files = (
				605A0EE328AA8C5000FFE994 /* ViewController.swift in Sources */,
				6030658728AAA0880020DB3F /* Bundle+Wrapper.swift in Sources */,
				6030658A28AAA14D0020DB3F /* Config.swift in Sources */,
				605A0EDF28AA8C5000FFE994 /* AppDelegate.swift in Sources */,
				6030658328AA983A0020DB3F /* String+Utils.swift in Sources */,
			);
			runOnlyForDeploymentPostprocessing = 0;
		};
/* End PBXSourcesBuildPhase section */

/* Begin PBXVariantGroup section */
		605A0EE428AA8C5000FFE994 /* Main.storyboard */ = {
			isa = PBXVariantGroup;
			children = (
				605A0EE528AA8C5000FFE994 /* Base */,
			);
			name = Main.storyboard;
			sourceTree = "<group>";
		};
		605A0EE928AA8C5300FFE994 /* LaunchScreen.storyboard */ = {
			isa = PBXVariantGroup;
			children = (
				605A0EEA28AA8C5300FFE994 /* Base */,
			);
			name = LaunchScreen.storyboard;
			sourceTree = "<group>";
		};
/* End PBXVariantGroup section */

/* Begin XCBuildConfiguration section */
		605A0EED28AA8C5300FFE994 /* Debug */ = {
			isa = XCBuildConfiguration;
			buildSettings = {
				ALWAYS_SEARCH_USER_PATHS = NO;
				CLANG_ANALYZER_NONNULL = YES;
				CLANG_ANALYZER_NUMBER_OBJECT_CONVERSION = YES_AGGRESSIVE;
				CLANG_CXX_LANGUAGE_STANDARD = "gnu++20";
				CLANG_ENABLE_MODULES = YES;
				CLANG_ENABLE_OBJC_ARC = YES;
				CLANG_ENABLE_OBJC_WEAK = YES;
				CLANG_WARN_BLOCK_CAPTURE_AUTORELEASING = YES;
				CLANG_WARN_BOOL_CONVERSION = YES;
				CLANG_WARN_COMMA = YES;
				CLANG_WARN_CONSTANT_CONVERSION = YES;
				CLANG_WARN_DEPRECATED_OBJC_IMPLEMENTATIONS = YES;
				CLANG_WARN_DIRECT_OBJC_ISA_USAGE = YES_ERROR;
				CLANG_WARN_DOCUMENTATION_COMMENTS = YES;
				CLANG_WARN_EMPTY_BODY = YES;
				CLANG_WARN_ENUM_CONVERSION = YES;
				CLANG_WARN_INFINITE_RECURSION = YES;
				CLANG_WARN_INT_CONVERSION = YES;
				CLANG_WARN_NON_LITERAL_NULL_CONVERSION = YES;
				CLANG_WARN_OBJC_IMPLICIT_RETAIN_SELF = YES;
				CLANG_WARN_OBJC_LITERAL_CONVERSION = YES;
				CLANG_WARN_OBJC_ROOT_CLASS = YES_ERROR;
				CLANG_WARN_QUOTED_INCLUDE_IN_FRAMEWORK_HEADER = YES;
				CLANG_WARN_RANGE_LOOP_ANALYSIS = YES;
				CLANG_WARN_STRICT_PROTOTYPES = YES;
				CLANG_WARN_SUSPICIOUS_MOVE = YES;
				CLANG_WARN_UNGUARDED_AVAILABILITY = YES_AGGRESSIVE;
				CLANG_WARN_UNREACHABLE_CODE = YES;
				CLANG_WARN__DUPLICATE_METHOD_MATCH = YES;
				COPY_PHASE_STRIP = NO;
				DEBUG_INFORMATION_FORMAT = dwarf;
				ENABLE_STRICT_OBJC_MSGSEND = YES;
				ENABLE_TESTABILITY = YES;
				GCC_C_LANGUAGE_STANDARD = gnu11;
				GCC_DYNAMIC_NO_PIC = NO;
				GCC_NO_COMMON_BLOCKS = YES;
				GCC_OPTIMIZATION_LEVEL = 0;
				GCC_PREPROCESSOR_DEFINITIONS = (
					"DEBUG=1",
					"$(inherited)",
				);
				GCC_WARN_64_TO_32_BIT_CONVERSION = YES;
				GCC_WARN_ABOUT_RETURN_TYPE = YES_ERROR;
				GCC_WARN_UNDECLARED_SELECTOR = YES;
				GCC_WARN_UNINITIALIZED_AUTOS = YES_AGGRESSIVE;
				GCC_WARN_UNUSED_FUNCTION = YES;
				GCC_WARN_UNUSED_VARIABLE = YES;
				IPHONEOS_DEPLOYMENT_TARGET = 15.0;
				MTL_ENABLE_DEBUG_INFO = INCLUDE_SOURCE;
				MTL_FAST_MATH = YES;
				ONLY_ACTIVE_ARCH = YES;
				SDKROOT = iphoneos;
				SWIFT_ACTIVE_COMPILATION_CONDITIONS = DEBUG;
				SWIFT_OPTIMIZATION_LEVEL = "-Onone";
			};
			name = Debug;
		};
		605A0EEE28AA8C5300FFE994 /* Release */ = {
			isa = XCBuildConfiguration;
			buildSettings = {
				ALWAYS_SEARCH_USER_PATHS = NO;
				CLANG_ANALYZER_NONNULL = YES;
				CLANG_ANALYZER_NUMBER_OBJECT_CONVERSION = YES_AGGRESSIVE;
				CLANG_CXX_LANGUAGE_STANDARD = "gnu++20";
				CLANG_ENABLE_MODULES = YES;
				CLANG_ENABLE_OBJC_ARC = YES;
				CLANG_ENABLE_OBJC_WEAK = YES;
				CLANG_WARN_BLOCK_CAPTURE_AUTORELEASING = YES;
				CLANG_WARN_BOOL_CONVERSION = YES;
				CLANG_WARN_COMMA = YES;
				CLANG_WARN_CONSTANT_CONVERSION = YES;
				CLANG_WARN_DEPRECATED_OBJC_IMPLEMENTATIONS = YES;
				CLANG_WARN_DIRECT_OBJC_ISA_USAGE = YES_ERROR;
				CLANG_WARN_DOCUMENTATION_COMMENTS = YES;
				CLANG_WARN_EMPTY_BODY = YES;
				CLANG_WARN_ENUM_CONVERSION = YES;
				CLANG_WARN_INFINITE_RECURSION = YES;
				CLANG_WARN_INT_CONVERSION = YES;
				CLANG_WARN_NON_LITERAL_NULL_CONVERSION = YES;
				CLANG_WARN_OBJC_IMPLICIT_RETAIN_SELF = YES;
				CLANG_WARN_OBJC_LITERAL_CONVERSION = YES;
				CLANG_WARN_OBJC_ROOT_CLASS = YES_ERROR;
				CLANG_WARN_QUOTED_INCLUDE_IN_FRAMEWORK_HEADER = YES;
				CLANG_WARN_RANGE_LOOP_ANALYSIS = YES;
				CLANG_WARN_STRICT_PROTOTYPES = YES;
				CLANG_WARN_SUSPICIOUS_MOVE = YES;
				CLANG_WARN_UNGUARDED_AVAILABILITY = YES_AGGRESSIVE;
				CLANG_WARN_UNREACHABLE_CODE = YES;
				CLANG_WARN__DUPLICATE_METHOD_MATCH = YES;
				COPY_PHASE_STRIP = NO;
				DEBUG_INFORMATION_FORMAT = "dwarf-with-dsym";
				ENABLE_NS_ASSERTIONS = NO;
				ENABLE_STRICT_OBJC_MSGSEND = YES;
				GCC_C_LANGUAGE_STANDARD = gnu11;
				GCC_NO_COMMON_BLOCKS = YES;
				GCC_WARN_64_TO_32_BIT_CONVERSION = YES;
				GCC_WARN_ABOUT_RETURN_TYPE = YES_ERROR;
				GCC_WARN_UNDECLARED_SELECTOR = YES;
				GCC_WARN_UNINITIALIZED_AUTOS = YES_AGGRESSIVE;
				GCC_WARN_UNUSED_FUNCTION = YES;
				GCC_WARN_UNUSED_VARIABLE = YES;
				IPHONEOS_DEPLOYMENT_TARGET = 15.0;
				MTL_ENABLE_DEBUG_INFO = NO;
				MTL_FAST_MATH = YES;
				SDKROOT = iphoneos;
				SWIFT_COMPILATION_MODE = wholemodule;
				SWIFT_OPTIMIZATION_LEVEL = "-O";
				VALIDATE_PRODUCT = YES;
			};
			name = Release;
		};
		605A0EF028AA8C5300FFE994 /* Debug */ = {
			isa = XCBuildConfiguration;
			buildSettings = {
				ASSETCATALOG_COMPILER_APPICON_NAME = AppIcon;
				ASSETCATALOG_COMPILER_GLOBAL_ACCENT_COLOR_NAME = AccentColor;
				CODE_SIGN_STYLE = Automatic;
				CURRENT_PROJECT_VERSION = 1;
				GENERATE_INFOPLIST_FILE = YES;
				INFOPLIST_FILE = "App/Resources/Hamilton-Info.plist";
				INFOPLIST_KEY_UIApplicationSupportsIndirectInputEvents = YES;
				INFOPLIST_KEY_UILaunchStoryboardName = LaunchScreen;
				INFOPLIST_KEY_UIMainStoryboardFile = Main;
				INFOPLIST_KEY_UISupportedInterfaceOrientations_iPad = "UIInterfaceOrientationPortrait UIInterfaceOrientationPortraitUpsideDown UIInterfaceOrientationLandscapeLeft UIInterfaceOrientationLandscapeRight";
				INFOPLIST_KEY_UISupportedInterfaceOrientations_iPhone = "UIInterfaceOrientationPortrait UIInterfaceOrientationLandscapeLeft UIInterfaceOrientationLandscapeRight";
				LD_RUNPATH_SEARCH_PATHS = (
					"$(inherited)",
					"@executable_path/Frameworks",
				);
				MARKETING_VERSION = 1.0;
				PRODUCT_BUNDLE_IDENTIFIER = com.blueantcorp.Hamilton;
				PRODUCT_NAME = "$(TARGET_NAME)";
				SWIFT_EMIT_LOC_STRINGS = YES;
				SWIFT_VERSION = 5.6;
				TARGETED_DEVICE_FAMILY = "1,2";
			};
			name = Debug;
		};
		605A0EF128AA8C5300FFE994 /* Release */ = {
			isa = XCBuildConfiguration;
			buildSettings = {
				ASSETCATALOG_COMPILER_APPICON_NAME = AppIcon;
				ASSETCATALOG_COMPILER_GLOBAL_ACCENT_COLOR_NAME = AccentColor;
				CODE_SIGN_STYLE = Automatic;
				CURRENT_PROJECT_VERSION = 1;
				GENERATE_INFOPLIST_FILE = YES;
				INFOPLIST_FILE = "App/Resources/Hamilton-Info.plist";
				INFOPLIST_KEY_UIApplicationSupportsIndirectInputEvents = YES;
				INFOPLIST_KEY_UILaunchStoryboardName = LaunchScreen;
				INFOPLIST_KEY_UIMainStoryboardFile = Main;
				INFOPLIST_KEY_UISupportedInterfaceOrientations_iPad = "UIInterfaceOrientationPortrait UIInterfaceOrientationPortraitUpsideDown UIInterfaceOrientationLandscapeLeft UIInterfaceOrientationLandscapeRight";
				INFOPLIST_KEY_UISupportedInterfaceOrientations_iPhone = "UIInterfaceOrientationPortrait UIInterfaceOrientationLandscapeLeft UIInterfaceOrientationLandscapeRight";
				LD_RUNPATH_SEARCH_PATHS = (
					"$(inherited)",
					"@executable_path/Frameworks",
				);
				MARKETING_VERSION = 1.0;
				PRODUCT_BUNDLE_IDENTIFIER = com.blueantcorp.Hamilton;
				PRODUCT_NAME = "$(TARGET_NAME)";
				SWIFT_EMIT_LOC_STRINGS = YES;
				SWIFT_VERSION = 5.6;
				TARGETED_DEVICE_FAMILY = "1,2";
			};
			name = Release;
		};
/* End XCBuildConfiguration section */

/* Begin XCConfigurationList section */
		605A0ED628AA8C5000FFE994 /* Build configuration list for PBXProject "Hamilton" */ = {
			isa = XCConfigurationList;
			buildConfigurations = (
				605A0EED28AA8C5300FFE994 /* Debug */,
				605A0EEE28AA8C5300FFE994 /* Release */,
			);
			defaultConfigurationIsVisible = 0;
			defaultConfigurationName = Release;
		};
		605A0EEF28AA8C5300FFE994 /* Build configuration list for PBXNativeTarget "Hamilton" */ = {
			isa = XCConfigurationList;
			buildConfigurations = (
				605A0EF028AA8C5300FFE994 /* Debug */,
				605A0EF128AA8C5300FFE994 /* Release */,
			);
			defaultConfigurationIsVisible = 0;
			defaultConfigurationName = Release;
		};
/* End XCConfigurationList section */
	};
	rootObject = 605A0ED328AA8C5000FFE994 /* Project object */;
}
